
Microsoft Visual Studio Solution File, Format Version 12.00
# Visual Studio Version 16
VisualStudioVersion = 16.0.29424.173
MinimumVisualStudioVersion = 10.0.40219.1
Project("{FAE04EC0-301F-11D3-BF4B-00C04F79EFBC}") = "SesameTechAdminLTE", "SesameTechAdminLTE\SesameTechAdminLTE.csproj", "{179A2D47-0084-444B-BD2D-6B0B2685C5A4}"
EndProject
Global
	GlobalSection(SolutionConfigurationPlatforms) = preSolution
		Debug|Any CPU = Debug|Any CPU
		Release|Any CPU = Release|Any CPU
	EndGlobalSection
	GlobalSection(ProjectConfigurationPlatforms) = postSolution
		{179A2D47-0084-444B-BD2D-6B0B2685C5A4}.Debug|Any CPU.ActiveCfg = Debug|Any CPU
		{179A2D47-0084-444B-BD2D-6B0B2685C5A4}.Debug|Any CPU.Build.0 = Debug|Any CPU
		{179A2D47-0084-444B-BD2D-6B0B2685C5A4}.Release|Any CPU.ActiveCfg = Release|Any CPU
		{179A2D47-0084-444B-BD2D-6B0B2685C5A4}.Release|Any CPU.Build.0 = Release|Any CPU
	EndGlobalSection
	GlobalSection(SolutionProperties) = preSolution
		HideSolutionNode = FALSE
	EndGlobalSection
	GlobalSection(ExtensibilityGlobals) = postSolution
		SolutionGuid = {A5F72572-F236-4D7A-8644-40538B1DD923}
	EndGlobalSection
EndGlobal
